version = 1
revision = 3
requires-python = ">=3.10"

[[package]]
name = "coordtransform"
version = "0.2.1"
source = { registry = "https://pypi.org/simple" }
sdist = { url = "https://files.pythonhosted.org/packages/30/c9/c8409b5de4cd090aaf03a044c18d0421bdb90d2caf2a90fdeca51101eada/coordtransform-0.2.1.tar.gz", hash = "sha256:0c89eb027f2b3d8b8e462ddb6d8ac95de873757ef9b99b187d49dec9342b9a9d", size = 11013, upload-time = "2026-03-19T10:40:29.841Z" }
wheels = [
    { url = "https://files.pythonhosted.org/packages/bc/5d/0a19da0fbfcbc1abc588834a2ad46815de8b25059d8889428f671b87897e/coordtransform-0.2.1-cp310-cp310-macosx_10_9_x86_64.whl", hash = "sha256:a04fbd91665092e6a139e3327e29e199eb7a80d456ba39daf0b7d6172971de85", size = 17089, upload-time = "2026-03-19T10:40:02.658Z" },
    { url = "https://files.pythonhosted.org/packages/ec/f3/39c6274ff96d10726bb202c2afa083c1aeae421b4bc3ae2a28cf4c948d5b/coordtransform-0.2.1-cp310-cp310-macosx_11_0_arm64.whl", hash = "sha256:d6d9a2c2efaaa49243f056ee87f2843f03687ef3ee008727c2e1c27f24b52486", size = 16994, upload-time = "2026-03-19T10:40:03.774Z" },
    { url = "https://files.pythonhosted.org/packages/69/be/6592d519cd26349c2751d9ce0dbccf676afa59b45c268c9ee2ac2890dc20/coordtransform-0.2.1-cp310-cp310-manylinux_2_5_i686.manylinux1_i686.manylinux_2_17_i686.manylinux2014_i686.whl", hash = "sha256:73471ecceeddaaf6731cb2f6d958507ceb29d407bbe03700da0e251356998f8f", size = 39412, upload-time = "2026-03-19T10:40:12.1Z" },
    { url = "https://files.pythonhosted.org/packages/30/3e/4e0fcd899e2b825a58a35649cfcd84366e7c624ffc20b3ce12a231969526/coordtransform-0.2.1-cp310-cp310-manylinux_2_5_x86_64.manylinux1_x86_64.manylinux_2_17_x86_64.manylinux2014_x86_64.whl", hash = "sha256:384d615815c6e9d073b4b97cec5653dba15db21b7dfd95adfd9a0aefebbee0e4", size = 42585, upload-time = "2026-03-19T10:40:13.363Z" },
    { url = "https://files.pythonhosted.org/packages/10/7e/338632f4c1bf273fe957f5a7afdff9a09885a7208bc086284d7f27cb39b1/coordtransform-0.2.1-cp310-cp310-win32.whl", hash = "sha256:4f88bc024aa696f204308cf4b56baea05c5ecb628286ca708dc486f2de3f93ec", size = 18736, upload-time = "2026-03-19T10:40:21.747Z" },
    { url = "https://files.pythonhosted.org/packages/cf/f6/ce3b48e0989feb0196e1cae829c9b99fe640337f2c413622f51eab9a2b79/coordtransform-0.2.1-cp310-cp310-win_amd64.whl", hash = "sha256:c03d0e88ab398864a84695d1edad286511180e57d988b6ec4651416b493435fd", size = 20297, upload-time = "2026-03-19T10:40:22.506Z" },
    { url = "https://files.pythonhosted.org/packages/63/99/209da88a78cd80c5be4a09e9561d4e14a89e578c710e8a62ee6b4edd3dee/coordtransform-0.2.1-cp311-cp311-macosx_10_9_x86_64.whl", hash = "sha256:ba6f9327e056c68d4a476d5a8908a4cdb2032742c429703de0a37719975978f3", size = 17118, upload-time = "2026-03-19T10:40:04.816Z" },
    { url = "https://files.pythonhosted.org/packages/4e/6e/676a8c9f870da590b875e1f77bf705e00867b1edde7a72dfb5381e00819b/coordtransform-0.2.1-cp311-cp311-macosx_11_0_arm64.whl", hash = "sha256:6b906b3014ad7bc6478c8cac9d4519083ec9d3464e98f083f55774ee8669508c", size = 17009, upload-time = "2026-03-19T10:40:05.918Z" },
    { url = "https://files.pythonhosted.org/packages/ef/92/f7f22e90cb0c2b319d411a347a4b4c10f4981cbc1d91771e3972af5faead/coordtransform-0.2.1-cp311-cp311-manylinux_2_5_i686.manylinux1_i686.manylinux_2_17_i686.manylinux2014_i686.whl", hash = "sha256:4195227af9baa690a53ed291b591df45b3f148a8a1e9ee3b6ce38f6c17629895", size = 40840, upload-time = "2026-03-19T10:40:14.515Z" },
    { url = "https://files.pythonhosted.org/packages/4c/be/462f3239b22cefea45df0fea0d0c550ddda2b7f8c27b7c91fbf53489a025/coordtransform-0.2.1-cp311-cp311-manylinux_2_5_x86_64.manylinux1_x86_64.manylinux_2_17_x86_64.manylinux2014_x86_64.whl", hash = "sha256:149f003556c5cb921053673f0cd23f4c75ca89044e9e2df753dfcd884413d9df", size = 44285, upload-time = "2026-03-19T10:40:15.38Z" },
    { url = "https://files.pythonhosted.org/packages/41/e0/7a101932e4fc94e730988221e217c9c307dc7d674660e79fe6caceb175a7/coordtransform-0.2.1-cp311-cp311-win32.whl", hash = "sha256:189657b96b5830526d3a4c27f484f539ebb9a4b607b36c9a4a9ea0b1e4ce2a5a", size = 18729, upload-time = "2026-03-19T10:40:23.246Z" },
    { url = "https://files.pythonhosted.org/packages/d4/b1/f4a0ee1cf0964d070d971fdb0f73524af80eb0237d93a2916a6e7eb55c7f/coordtransform-0.2.1-cp311-cp311-win_amd64.whl", hash = "sha256:822b604869ad91fe201645afe4fb00d09063caca4a757957ba7c0fbee244e69b", size = 20293, upload-time = "2026-03-19T10:40:24.048Z" },
    { url = "https://files.pythonhosted.org/packages/1a/be/cffb00a2172470a82f489df967a1a6979149ab4bd39cebe011ca06c1ade6/coordtransform-0.2.1-cp312-cp312-macosx_10_13_x86_64.whl", hash = "sha256:5f83888428451aa4035f545f187d77c449467df25dd74fcd9249e303137e9b6d", size = 17278, upload-time = "2026-03-19T10:40:06.668Z" },
    { url = "https://files.pythonhosted.org/packages/52/67/20e7738aabd17aa900454a4e68cc88609488ebd2eba8a67f4dae744db8d6/coordtransform-0.2.1-cp312-cp312-macosx_11_0_arm64.whl", hash = "sha256:42fc4b8fb46870c34b6a58fb1591328b2588124800d54b64ca865efc21964f61", size = 17058, upload-time = "2026-03-19T10:40:07.588Z" },
    { url = "https://files.pythonhosted.org/packages/1d/f7/ae885c0ce785b28282c30ae4ead2c2d4054b4c7290b336eed1ae50b9d159/coordtransform-0.2.1-cp312-cp312-manylinux_2_5_i686.manylinux1_i686.manylinux_2_17_i686.manylinux2014_i686.whl", hash = "sha256:290c128bbf5b84197ef3a49091dc8f1dfcd785b966d4251c87fc2d3e76ca3510", size = 40891, upload-time = "2026-03-19T10:40:16.249Z" },
    { url = "https://files.pythonhosted.org/packages/a2/35/9e7e1b1e6363e516a6bbc1aacb1610553c1906a153d2f82c63f18edcb08b/coordtransform-0.2.1-cp312-cp312-manylinux_2_5_x86_64.manylinux1_x86_64.manylinux_2_17_x86_64.manylinux2014_x86_64.whl", hash = "sha256:df19a68e4830f3dfad397350c69d3213ec26fdc9a4be08640220dd6d8d8aa9a6", size = 44628, upload-time = "2026-03-19T10:40:17.051Z" },
    { url = "https://files.pythonhosted.org/packages/99/a2/b34b6d84b38f0d650d3a0d79f801d9a7e18f0abb3ed87ee70fc623c04aaf/coordtransform-0.2.1-cp312-cp312-win32.whl", hash = "sha256:2630e24777d041ee1ee09b46915f43887b0009376dd7c59d05ab46565ffeb2ca", size = 18782, upload-time = "2026-03-19T10:40:24.829Z" },
    { url = "https://files.pythonhosted.org/packages/50/67/5b3a64785070d37bcf2e7084e04ab3e91d4887d2abd5ff10628d426706b8/coordtransform-0.2.1-cp312-cp312-win_amd64.whl", hash = "sha256:3a7767285c512d00c7cd2fe1466002c61328f92a65e3cb583971ab21cb257134", size = 20346, upload-time = "2026-03-19T10:40:25.595Z" },
]

[[package]]
name = "fit-tool"
version = "0.9.16"
source = { registry = "https://pypi.org/simple" }
sdist = { url = "https://files.pythonhosted.org/packages/fc/4f/be06a443553f5e74b4e9360724aaf41d0d09dceb0bc69d8faf3fe0f398f0/fit_tool-0.9.16.tar.gz", hash = "sha256:716b75b2fdfc66ca7b82df65f750c1427fd984c558284753f43e2bf8d2188f61", size = 300961, upload-time = "2026-08-05T04:06:48.023Z" }
wheels = [
    { url = "https://files.pythonhosted.org/packages/2f/4f/f0b1bfbc260007870aa0b05e07bdcdebc6080bfbc52dd680011ab0daa44b/fit_tool-0.9.16-py3-none-any.whl", hash = "sha256:3403c61663cc205da101a9952edcdc31cf9634dce2eb5c12a397eb24cf4aacf0", size = 497174, upload-time = "2026-08-05T04:06:46.48Z" },
]

[[package]]
name = "geographiclib"
version = "2.1"
source = { registry = "https://pypi.org/simple" }
sdist = { url = "https://files.pythonhosted.org/packages/df/78/4892343230a9d29faa1364564e525307a37e54ad776ea62c12129dbba704/geographiclib-2.1.tar.gz", hash = "sha256:6a6545e6262d0ed3522e13c515713718797e37ed8c672c31ad7b249f372ef108", size = 37004, upload-time = "2025-08-21T21:34:26Z" }
wheels = [
    { url = "https://files.pythonhosted.org/packages/31/b3/802576f2ea5dcb48501bb162e4c7b7b3ca5654a42b2c968ef98a797a4c79/geographiclib-2.1-py3-none-any.whl", hash = "sha256:e2a873b9b9e7fc38721ad73d5f4e6c9ed140d428a339970f505c07056997d40b", size = 40740, upload-time = "2025-08-21T21:34:24.955Z" },
]

[[package]]
name = "keeptrack"
version = "2.2.0"
source = { virtual = "." }
dependencies = [
    { name = "coordtransform" },
    { name = "fit-tool" },
    { name = "geographiclib" },
]

[package.metadata]
requires-dist = [
    { name = "coordtransform", specifier = "==0.2.1" },
    { name = "fit-tool", specifier = "==0.9.16" },
    { name = "geographiclib", specifier = "==2.1" },
]
